// !$*UTF8*$!
{
	archiveVersion = 1;
	classes = {
	};
	objectVersion = 56;
	objects = {

/* Begin PBXBuildFile section */
		0E41BBAD2B4744120037DD48 /* JSONApp.swift in Sources */ = {isa = PBXBuildFile; fileRef = 0E41BBAC2B4744120037DD48 /* JSONApp.swift */; };
		0E41BBAF2B4744120037DD48 /* ContentView.swift in Sources */ = {isa = PBXBuildFile; fileRef = 0E41BBAE2B4744120037DD48 /* ContentView.swift */; };
		0E41BBB12B4744150037DD48 /* Assets.xcassets in Resources */ = {isa = PBXBuildFile; fileRef = 0E41BBB02B4744150037DD48 /* Assets.xcassets */; };
		0E41BBB42B4744150037DD48 /* Preview Assets.xcassets in Resources */ = {isa = PBXBuildFile; fileRef = 0E41BBB32B4744150037DD48 /* Preview Assets.xcassets */; };
		0E41BBBE2B4746250037DD48 /* PostModel.swift in Sources */ = {isa = PBXBuildFile; fileRef = 0E41BBBD2B4746250037DD48 /* PostModel.swift */; };
		0E41BBC02B4746740037DD48 /* PostViewModel.swift in Sources */ = {isa = PBXBuildFile; fileRef = 0E41BBBF2B4746740037DD48 /* PostViewModel.swift */; };
		0E6992742B51C51400B69A9E /* Model1.swift in Sources */ = {isa = PBXBuildFile; fileRef = 0E6992732B51C51400B69A9E /* Model1.swift */; };
		0E6992762B51C63600B69A9E /* Model1ViewModel.swift in Sources */ = {isa = PBXBuildFile; fileRef = 0E6992752B51C63600B69A9E /* Model1ViewModel.swift */; };
		0E6992782B51F55000B69A9E /* Model2.swift in Sources */ = {isa = PBXBuildFile; fileRef = 0E6992772B51F55000B69A9E /* Model2.swift */; };
		0E69927A2B51F68200B69A9E /* Model2ViewModel.swift in Sources */ = {isa = PBXBuildFile; fileRef = 0E6992792B51F68200B69A9E /* Model2ViewModel.swift */; };
		0E69927C2B51F7C500B69A9E /* Home2.swift in Sources */ = {isa = PBXBuildFile; fileRef = 0E69927B2B51F7C500B69A9E /* Home2.swift */; };
		0E69927E2B52017A00B69A9E /* DetailView.swift in Sources */ = {isa = PBXBuildFile; fileRef = 0E69927D2B52017900B69A9E /* DetailView.swift */; };
		0E6992802B5202E000B69A9E /* DetailViewModel.swift in Sources */ = {isa = PBXBuildFile; fileRef = 0E69927F2B5202E000B69A9E /* DetailViewModel.swift */; };
		0E92AAB12B4C8B1F0044EB28 /* Login.swift in Sources */ = {isa = PBXBuildFile; fileRef = 0E92AAB02B4C8B1F0044EB28 /* Login.swift */; };
		0E92AAB32B4C8B5F0044EB28 /* Home.swift in Sources */ = {isa = PBXBuildFile; fileRef = 0E92AAB22B4C8B5F0044EB28 /* Home.swift */; };
/* End PBXBuildFile section */

/* Begin PBXFileReference section */
		0E41BBA92B4744120037DD48 /* JSON.app */ = {isa = PBXFileReference; explicitFileType = wrapper.application; includeInIndex = 0; path = JSON.app; sourceTree = BUILT_PRODUCTS_DIR; };
		0E41BBAC2B4744120037DD48 /* JSONApp.swift */ = {isa = PBXFileReference; lastKnownFileType = sourcecode.swift; path = JSONApp.swift; sourceTree = "<group>"; };
		0E41BBAE2B4744120037DD48 /* ContentView.swift */ = {isa = PBXFileReference; lastKnownFileType = sourcecode.swift; path = ContentView.swift; sourceTree = "<group>"; };
		0E41BBB02B4744150037DD48 /* Assets.xcassets */ = {isa = PBXFileReference; lastKnownFileType = folder.assetcatalog; path = Assets.xcassets; sourceTree = "<group>"; };
		0E41BBB32B4744150037DD48 /* Preview Assets.xcassets */ = {isa = PBXFileReference; lastKnownFileType = folder.assetcatalog; path = "Preview Assets.xcassets"; sourceTree = "<group>"; };
		0E41BBBD2B4746250037DD48 /* PostModel.swift */ = {isa = PBXFileReference; lastKnownFileType = sourcecode.swift; path = PostModel.swift; sourceTree = "<group>"; };
		0E41BBBF2B4746740037DD48 /* PostViewModel.swift */ = {isa = PBXFileReference; lastKnownFileType = sourcecode.swift; path = PostViewModel.swift; sourceTree = "<group>"; };
		0E6992732B51C51400B69A9E /* Model1.swift */ = {isa = PBXFileReference; lastKnownFileType = sourcecode.swift; path = Model1.swift; sourceTree = "<group>"; };
		0E6992752B51C63600B69A9E /* Model1ViewModel.swift */ = {isa = PBXFileReference; lastKnownFileType = sourcecode.swift; path = Model1ViewModel.swift; sourceTree = "<group>"; };
		0E6992772B51F55000B69A9E /* Model2.swift */ = {isa = PBXFileReference; lastKnownFileType = sourcecode.swift; path = Model2.swift; sourceTree = "<group>"; };
		0E6992792B51F68200B69A9E /* Model2ViewModel.swift */ = {isa = PBXFileReference; lastKnownFileType = sourcecode.swift; path = Model2ViewModel.swift; sourceTree = "<group>"; };
		0E69927B2B51F7C500B69A9E /* Home2.swift */ = {isa = PBXFileReference; lastKnownFileType = sourcecode.swift; path = Home2.swift; sourceTree = "<group>"; };
		0E69927D2B52017900B69A9E /* DetailView.swift */ = {isa = PBXFileReference; lastKnownFileType = sourcecode.swift; path = DetailView.swift; sourceTree = "<group>"; };
		0E69927F2B5202E000B69A9E /* DetailViewModel.swift */ = {isa = PBXFileReference; lastKnownFileType = sourcecode.swift; path = DetailViewModel.swift; sourceTree = "<group>"; };
		0E92AAB02B4C8B1F0044EB28 /* Login.swift */ = {isa = PBXFileReference; lastKnownFileType = sourcecode.swift; path = Login.swift; sourceTree = "<group>"; };
		0E92AAB22B4C8B5F0044EB28 /* Home.swift */ = {isa = PBXFileReference; lastKnownFileType = sourcecode.swift; path = Home.swift; sourceTree = "<group>"; };
/* End PBXFileReference section */

/* Begin PBXFrameworksBuildPhase section */
		0E41BBA62B4744120037DD48 /* Frameworks */ = {
			isa = PBXFrameworksBuildPhase;
			buildActionMask = 2147483647;
			files = (
			);
			runOnlyForDeploymentPostprocessing = 0;
		};
/* End PBXFrameworksBuildPhase section */

/* Begin PBXGroup section */
		0E41BBA02B4744120037DD48 = {
			isa = PBXGroup;
			children = (
				0E41BBAB2B4744120037DD48 /* JSON */,
				0E41BBAA2B4744120037DD48 /* Products */,
			);
			sourceTree = "<group>";
		};
		0E41BBAA2B4744120037DD48 /* Products */ = {
			isa = PBXGroup;
			children = (
				0E41BBA92B4744120037DD48 /* JSON.app */,
			);
			name = Products;
			sourceTree = "<group>";
		};
		0E41BBAB2B4744120037DD48 /* JSON */ = {
			isa = PBXGroup;
			children = (
				0E41BBBC2B4744530037DD48 /* ViewModel */,
				0E41BBBB2B4744480037DD48 /* Model */,
				0E41BBBA2B4744370037DD48 /* View */,
				0E41BBAC2B4744120037DD48 /* JSONApp.swift */,
				0E41BBAE2B4744120037DD48 /* ContentView.swift */,
				0E41BBB02B4744150037DD48 /* Assets.xcassets */,
				0E41BBB22B4744150037DD48 /* Preview Content */,
			);
			path = JSON;
			sourceTree = "<group>";
		};
		0E41BBB22B4744150037DD48 /* Preview Content */ = {
			isa = PBXGroup;
			children = (
				0E41BBB32B4744150037DD48 /* Preview Assets.xcassets */,
			);
			path = "Preview Content";
			sourceTree = "<group>";
		};
		0E41BBBA2B4744370037DD48 /* View */ = {
			isa = PBXGroup;
			children = (
				0E92AAB02B4C8B1F0044EB28 /* Login.swift */,
				0E92AAB22B4C8B5F0044EB28 /* Home.swift */,
				0E69927B2B51F7C500B69A9E /* Home2.swift */,
				0E69927D2B52017900B69A9E /* DetailView.swift */,
			);
			path = View;
			sourceTree = "<group>";
		};
		0E41BBBB2B4744480037DD48 /* Model */ = {
			isa = PBXGroup;
			children = (
				0E41BBBD2B4746250037DD48 /* PostModel.swift */,
				0E6992732B51C51400B69A9E /* Model1.swift */,
				0E6992772B51F55000B69A9E /* Model2.swift */,
			);
			path = Model;
			sourceTree = "<group>";
		};
		0E41BBBC2B4744530037DD48 /* ViewModel */ = {
			isa = PBXGroup;
			children = (
				0E41BBBF2B4746740037DD48 /* PostViewModel.swift */,
				0E6992752B51C63600B69A9E /* Model1ViewModel.swift */,
				0E6992792B51F68200B69A9E /* Model2ViewModel.swift */,
				0E69927F2B5202E000B69A9E /* DetailViewModel.swift */,
			);
			path = ViewModel;
			sourceTree = "<group>";
		};
/* End PBXGroup section */

/* Begin PBXNativeTarget section */
		0E41BBA82B4744120037DD48 /* JSON */ = {
			isa = PBXNativeTarget;
			buildConfigurationList = 0E41BBB72B4744150037DD48 /* Build configuration list for PBXNativeTarget "JSON" */;
			buildPhases = (
				0E41BBA52B4744120037DD48 /* Sources */,
				0E41BBA62B4744120037DD48 /* Frameworks */,
				0E41BBA72B4744120037DD48 /* Resources */,
			);
			buildRules = (
			);
			dependencies = (
			);
			name = JSON;
			productName = JSON;
			productReference = 0E41BBA92B4744120037DD48 /* JSON.app */;
			productType = "com.apple.product-type.application";
		};
/* End PBXNativeTarget section */

/* Begin PBXProject section */
		0E41BBA12B4744120037DD48 /* Project object */ = {
			isa = PBXProject;
			attributes = {
				BuildIndependentTargetsInParallel = 1;
				LastSwiftUpdateCheck = 1500;
				LastUpgradeCheck = 1500;
				TargetAttributes = {
					0E41BBA82B4744120037DD48 = {
						CreatedOnToolsVersion = 15.0.1;
					};
				};
			};
			buildConfigurationList = 0E41BBA42B4744120037DD48 /* Build configuration list for PBXProject "JSON" */;
			compatibilityVersion = "Xcode 14.0";
			developmentRegion = en;
			hasScannedForEncodings = 0;
			knownRegions = (
				en,
				Base,
			);
			mainGroup = 0E41BBA02B4744120037DD48;
			productRefGroup = 0E41BBAA2B4744120037DD48 /* Products */;
			projectDirPath = "";
			projectRoot = "";
			targets = (
				0E41BBA82B4744120037DD48 /* JSON */,
			);
		};
/* End PBXProject section */

/* Begin PBXResourcesBuildPhase section */
		0E41BBA72B4744120037DD48 /* Resources */ = {
			isa = PBXResourcesBuildPhase;
			buildActionMask = 2147483647;
			files = (
				0E41BBB42B4744150037DD48 /* Preview Assets.xcassets in Resources */,
				0E41BBB12B4744150037DD48 /* Assets.xcassets in Resources */,
			);
			runOnlyForDeploymentPostprocessing = 0;
		};
/* End PBXResourcesBuildPhase section */

/* Begin PBXSourcesBuildPhase section */
		0E41BBA52B4744120037DD48 /* Sources */ = {
			isa = PBXSourcesBuildPhase;
			buildActionMask = 2147483647;
			files = (
				0E41BBC02B4746740037DD48 /* PostViewModel.swift in Sources */,
				0E69927E2B52017A00B69A9E /* DetailView.swift in Sources */,
				0E92AAB12B4C8B1F0044EB28 /* Login.swift in Sources */,
				0E41BBAF2B4744120037DD48 /* ContentView.swift in Sources */,
				0E41BBBE2B4746250037DD48 /* PostModel.swift in Sources */,
				0E92AAB32B4C8B5F0044EB28 /* Home.swift in Sources */,
				0E6992742B51C51400B69A9E /* Model1.swift in Sources */,
				0E6992782B51F55000B69A9E /* Model2.swift in Sources */,
				0E69927A2B51F68200B69A9E /* Model2ViewModel.swift in Sources */,
				0E6992802B5202E000B69A9E /* DetailViewModel.swift in Sources */,
				0E6992762B51C63600B69A9E /* Model1ViewModel.swift in Sources */,
				0E41BBAD2B4744120037DD48 /* JSONApp.swift in Sources */,
				0E69927C2B51F7C500B69A9E /* Home2.swift in Sources */,
			);
			runOnlyForDeploymentPostprocessing = 0;
		};
/* End PBXSourcesBuildPhase section */

/* Begin XCBuildConfiguration section */
		0E41BBB52B4744150037DD48 /* Debug */ = {
			isa = XCBuildConfiguration;
			buildSettings = {
				ALWAYS_SEARCH_USER_PATHS = NO;
				ASSETCATALOG_COMPILER_GENERATE_SWIFT_ASSET_SYMBOL_EXTENSIONS = YES;
				CLANG_ANALYZER_NONNULL = YES;
				CLANG_ANALYZER_NUMBER_OBJECT_CONVERSION = YES_AGGRESSIVE;
				CLANG_CXX_LANGUAGE_STANDARD = "gnu++20";
				CLANG_ENABLE_MODULES = YES;
				CLANG_ENABLE_OBJC_ARC = YES;
				CLANG_ENABLE_OBJC_WEAK = YES;
				CLANG_WARN_BLOCK_CAPTURE_AUTORELEASING = YES;
				CLANG_WARN_BOOL_CONVERSION = YES;
				CLANG_WARN_COMMA = YES;
				CLANG_WARN_CONSTANT_CONVERSION = YES;
				CLANG_WARN_DEPRECATED_OBJC_IMPLEMENTATIONS = YES;
				CLANG_WARN_DIRECT_OBJC_ISA_USAGE = YES_ERROR;
				CLANG_WARN_DOCUMENTATION_COMMENTS = YES;
				CLANG_WARN_EMPTY_BODY = YES;
				CLANG_WARN_ENUM_CONVERSION = YES;
				CLANG_WARN_INFINITE_RECURSION = YES;
				CLANG_WARN_INT_CONVERSION = YES;
				CLANG_WARN_NON_LITERAL_NULL_CONVERSION = YES;
				CLANG_WARN_OBJC_IMPLICIT_RETAIN_SELF = YES;
				CLANG_WARN_OBJC_LITERAL_CONVERSION = YES;
				CLANG_WARN_OBJC_ROOT_CLASS = YES_ERROR;
				CLANG_WARN_QUOTED_INCLUDE_IN_FRAMEWORK_HEADER = YES;
				CLANG_WARN_RANGE_LOOP_ANALYSIS = YES;
				CLANG_WARN_STRICT_PROTOTYPES = YES;
				CLANG_WARN_SUSPICIOUS_MOVE = YES;
				CLANG_WARN_UNGUARDED_AVAILABILITY = YES_AGGRESSIVE;
				CLANG_WARN_UNREACHABLE_CODE = YES;
				CLANG_WARN__DUPLICATE_METHOD_MATCH = YES;
				COPY_PHASE_STRIP = NO;
				DEBUG_INFORMATION_FORMAT = dwarf;
				ENABLE_STRICT_OBJC_MSGSEND = YES;
				ENABLE_TESTABILITY = YES;
				ENABLE_USER_SCRIPT_SANDBOXING = YES;
				GCC_C_LANGUAGE_STANDARD = gnu17;
				GCC_DYNAMIC_NO_PIC = NO;
				GCC_NO_COMMON_BLOCKS = YES;
				GCC_OPTIMIZATION_LEVEL = 0;
				GCC_PREPROCESSOR_DEFINITIONS = (
					"DEBUG=1",
					"$(inherited)",
				);
				GCC_WARN_64_TO_32_BIT_CONVERSION = YES;
				GCC_WARN_ABOUT_RETURN_TYPE = YES_ERROR;
				GCC_WARN_UNDECLARED_SELECTOR = YES;
				GCC_WARN_UNINITIALIZED_AUTOS = YES_AGGRESSIVE;
				GCC_WARN_UNUSED_FUNCTION = YES;
				GCC_WARN_UNUSED_VARIABLE = YES;
				IPHONEOS_DEPLOYMENT_TARGET = 17.0;
				LOCALIZATION_PREFERS_STRING_CATALOGS = YES;
				MTL_ENABLE_DEBUG_INFO = INCLUDE_SOURCE;
				MTL_FAST_MATH = YES;
				ONLY_ACTIVE_ARCH = YES;
				SDKROOT = iphoneos;
				SWIFT_ACTIVE_COMPILATION_CONDITIONS = "DEBUG $(inherited)";
				SWIFT_OPTIMIZATION_LEVEL = "-Onone";
			};
			name = Debug;
		};
		0E41BBB62B4744150037DD48 /* Release */ = {
			isa = XCBuildConfiguration;
			buildSettings = {
				ALWAYS_SEARCH_USER_PATHS = NO;
				ASSETCATALOG_COMPILER_GENERATE_SWIFT_ASSET_SYMBOL_EXTENSIONS = YES;
				CLANG_ANALYZER_NONNULL = YES;
				CLANG_ANALYZER_NUMBER_OBJECT_CONVERSION = YES_AGGRESSIVE;
				CLANG_CXX_LANGUAGE_STANDARD = "gnu++20";
				CLANG_ENABLE_MODULES = YES;
				CLANG_ENABLE_OBJC_ARC = YES;
				CLANG_ENABLE_OBJC_WEAK = YES;
				CLANG_WARN_BLOCK_CAPTURE_AUTORELEASING = YES;
				CLANG_WARN_BOOL_CONVERSION = YES;
				CLANG_WARN_COMMA = YES;
				CLANG_WARN_CONSTANT_CONVERSION = YES;
				CLANG_WARN_DEPRECATED_OBJC_IMPLEMENTATIONS = YES;
				CLANG_WARN_DIRECT_OBJC_ISA_USAGE = YES_ERROR;
				CLANG_WARN_DOCUMENTATION_COMMENTS = YES;
				CLANG_WARN_EMPTY_BODY = YES;
				CLANG_WARN_ENUM_CONVERSION = YES;
				CLANG_WARN_INFINITE_RECURSION = YES;
				CLANG_WARN_INT_CONVERSION = YES;
				CLANG_WARN_NON_LITERAL_NULL_CONVERSION = YES;
				CLANG_WARN_OBJC_IMPLICIT_RETAIN_SELF = YES;
				CLANG_WARN_OBJC_LITERAL_CONVERSION = YES;
				CLANG_WARN_OBJC_ROOT_CLASS = YES_ERROR;
				CLANG_WARN_QUOTED_INCLUDE_IN_FRAMEWORK_HEADER = YES;
				CLANG_WARN_RANGE_LOOP_ANALYSIS = YES;
				CLANG_WARN_STRICT_PROTOTYPES = YES;
				CLANG_WARN_SUSPICIOUS_MOVE = YES;
				CLANG_WARN_UNGUARDED_AVAILABILITY = YES_AGGRESSIVE;
				CLANG_WARN_UNREACHABLE_CODE = YES;
				CLANG_WARN__DUPLICATE_METHOD_MATCH = YES;
				COPY_PHASE_STRIP = NO;
				DEBUG_INFORMATION_FORMAT = "dwarf-with-dsym";
				ENABLE_NS_ASSERTIONS = NO;
				ENABLE_STRICT_OBJC_MSGSEND = YES;
				ENABLE_USER_SCRIPT_SANDBOXING = YES;
				GCC_C_LANGUAGE_STANDARD = gnu17;
				GCC_NO_COMMON_BLOCKS = YES;
				GCC_WARN_64_TO_32_BIT_CONVERSION = YES;
				GCC_WARN_ABOUT_RETURN_TYPE = YES_ERROR;
				GCC_WARN_UNDECLARED_SELECTOR = YES;
				GCC_WARN_UNINITIALIZED_AUTOS = YES_AGGRESSIVE;
				GCC_WARN_UNUSED_FUNCTION = YES;
				GCC_WARN_UNUSED_VARIABLE = YES;
				IPHONEOS_DEPLOYMENT_TARGET = 17.0;
				LOCALIZATION_PREFERS_STRING_CATALOGS = YES;
				MTL_ENABLE_DEBUG_INFO = NO;
				MTL_FAST_MATH = YES;
				SDKROOT = iphoneos;
				SWIFT_COMPILATION_MODE = wholemodule;
				VALIDATE_PRODUCT = YES;
			};
			name = Release;
		};
		0E41BBB82B4744150037DD48 /* Debug */ = {
			isa = XCBuildConfiguration;
			buildSettings = {
				ASSETCATALOG_COMPILER_APPICON_NAME = AppIcon;
				ASSETCATALOG_COMPILER_GLOBAL_ACCENT_COLOR_NAME = AccentColor;
				CODE_SIGN_STYLE = Automatic;
				CURRENT_PROJECT_VERSION = 1;
				DEVELOPMENT_ASSET_PATHS = "\"JSON/Preview Content\"";
				ENABLE_PREVIEWS = YES;
				GENERATE_INFOPLIST_FILE = YES;
				INFOPLIST_KEY_UIApplicationSceneManifest_Generation = YES;
				INFOPLIST_KEY_UIApplicationSupportsIndirectInputEvents = YES;
				INFOPLIST_KEY_UILaunchScreen_Generation = YES;
				INFOPLIST_KEY_UISupportedInterfaceOrientations_iPad = "UIInterfaceOrientationPortrait UIInterfaceOrientationPortraitUpsideDown UIInterfaceOrientationLandscapeLeft UIInterfaceOrientationLandscapeRight";
				INFOPLIST_KEY_UISupportedInterfaceOrientations_iPhone = "UIInterfaceOrientationPortrait UIInterfaceOrientationLandscapeLeft UIInterfaceOrientationLandscapeRight";
				LD_RUNPATH_SEARCH_PATHS = (
					"$(inherited)",
					"@executable_path/Frameworks",
				);
				MARKETING_VERSION = 1.0;
				PRODUCT_BUNDLE_IDENTIFIER = dm.JSON;
				PRODUCT_NAME = "$(TARGET_NAME)";
				SWIFT_EMIT_LOC_STRINGS = YES;
				SWIFT_VERSION = 5.0;
				TARGETED_DEVICE_FAMILY = "1,2";
			};
			name = Debug;
		};
		0E41BBB92B4744150037DD48 /* Release */ = {
			isa = XCBuildConfiguration;
			buildSettings = {
				ASSETCATALOG_COMPILER_APPICON_NAME = AppIcon;
				ASSETCATALOG_COMPILER_GLOBAL_ACCENT_COLOR_NAME = AccentColor;
				CODE_SIGN_STYLE = Automatic;
				CURRENT_PROJECT_VERSION = 1;
				DEVELOPMENT_ASSET_PATHS = "\"JSON/Preview Content\"";
				ENABLE_PREVIEWS = YES;
				GENERATE_INFOPLIST_FILE = YES;
				INFOPLIST_KEY_UIApplicationSceneManifest_Generation = YES;
				INFOPLIST_KEY_UIApplicationSupportsIndirectInputEvents = YES;
				INFOPLIST_KEY_UILaunchScreen_Generation = YES;
				INFOPLIST_KEY_UISupportedInterfaceOrientations_iPad = "UIInterfaceOrientationPortrait UIInterfaceOrientationPortraitUpsideDown UIInterfaceOrientationLandscapeLeft UIInterfaceOrientationLandscapeRight";
				INFOPLIST_KEY_UISupportedInterfaceOrientations_iPhone = "UIInterfaceOrientationPortrait UIInterfaceOrientationLandscapeLeft UIInterfaceOrientationLandscapeRight";
				LD_RUNPATH_SEARCH_PATHS = (
					"$(inherited)",
					"@executable_path/Frameworks",
				);
				MARKETING_VERSION = 1.0;
				PRODUCT_BUNDLE_IDENTIFIER = dm.JSON;
				PRODUCT_NAME = "$(TARGET_NAME)";
				SWIFT_EMIT_LOC_STRINGS = YES;
				SWIFT_VERSION = 5.0;
				TARGETED_DEVICE_FAMILY = "1,2";
			};
			name = Release;
		};
/* End XCBuildConfiguration section */

/* Begin XCConfigurationList section */
		0E41BBA42B4744120037DD48 /* Build configuration list for PBXProject "JSON" */ = {
			isa = XCConfigurationList;
			buildConfigurations = (
				0E41BBB52B4744150037DD48 /* Debug */,
				0E41BBB62B4744150037DD48 /* Release */,
			);
			defaultConfigurationIsVisible = 0;
			defaultConfigurationName = Release;
		};
		0E41BBB72B4744150037DD48 /* Build configuration list for PBXNativeTarget "JSON" */ = {
			isa = XCConfigurationList;
			buildConfigurations = (
				0E41BBB82B4744150037DD48 /* Debug */,
				0E41BBB92B4744150037DD48 /* Release */,
			);
			defaultConfigurationIsVisible = 0;
			defaultConfigurationName = Release;
		};
/* End XCConfigurationList section */
	};
	rootObject = 0E41BBA12B4744120037DD48 /* Project object */;
}
